// !$*UTF8*$!
{
	archiveVersion = 1;
	classes = {
	};
	objectVersion = 46;
	objects = {

/* Begin PBXBuildFile section */
		205019DA1CC72CBB006F74D1 /* AppDelegate.swift in Sources */ = {isa = PBXBuildFile; fileRef = 205019D91CC72CBB006F74D1 /* AppDelegate.swift */; };
		205019DC1CC72CBB006F74D1 /* ViewController.swift in Sources */ = {isa = PBXBuildFile; fileRef = 205019DB1CC72CBB006F74D1 /* ViewController.swift */; };
		205019DF1CC72CBB006F74D1 /* Main.storyboard in Resources */ = {isa = PBXBuildFile; fileRef = 205019DD1CC72CBB006F74D1 /* Main.storyboard */; };
		205019E11CC72CBB006F74D1 /* Images.xcassets in Resources */ = {isa = PBXBuildFile; fileRef = 205019E01CC72CBB006F74D1 /* Images.xcassets */; };
		205019E41CC72CBB006F74D1 /* LaunchScreen.xib in Resources */ = {isa = PBXBuildFile; fileRef = 205019E21CC72CBB006F74D1 /* LaunchScreen.xib */; };
		205019F01CC72CBB006F74D1 /* PawsTests.swift in Sources */ = {isa = PBXBuildFile; fileRef = 205019EF1CC72CBB006F74D1 /* PawsTests.swift */; };
		839CE4F2A4736E4BEC757890 /* libPods.a in Frameworks */ = {isa = PBXBuildFile; fileRef = 53E8F498DD13914D717672CD /* libPods.a */; };
/* End PBXBuildFile section */

/* Begin PBXContainerItemProxy section */
		205019EA1CC72CBB006F74D1 /* PBXContainerItemProxy */ = {
			isa = PBXContainerItemProxy;
			containerPortal = 205019CC1CC72CBA006F74D1 /* Project object */;
			proxyType = 1;
			remoteGlobalIDString = 205019D31CC72CBA006F74D1;
			remoteInfo = Paws;
		};
/* End PBXContainerItemProxy section */

/* Begin PBXFileReference section */
		205019D41CC72CBB006F74D1 /* Paws.app */ = {isa = PBXFileReference; explicitFileType = wrapper.application; includeInIndex = 0; path = Paws.app; sourceTree = BUILT_PRODUCTS_DIR; };
		205019D81CC72CBB006F74D1 /* Info.plist */ = {isa = PBXFileReference; lastKnownFileType = text.plist.xml; path = Info.plist; sourceTree = "<group>"; };
		205019D91CC72CBB006F74D1 /* AppDelegate.swift */ = {isa = PBXFileReference; lastKnownFileType = sourcecode.swift; path = AppDelegate.swift; sourceTree = "<group>"; };
		205019DB1CC72CBB006F74D1 /* ViewController.swift */ = {isa = PBXFileReference; lastKnownFileType = sourcecode.swift; path = ViewController.swift; sourceTree = "<group>"; };
		205019DE1CC72CBB006F74D1 /* Base */ = {isa = PBXFileReference; lastKnownFileType = file.storyboard; name = Base; path = Base.lproj/Main.storyboard; sourceTree = "<group>"; };
		205019E01CC72CBB006F74D1 /* Images.xcassets */ = {isa = PBXFileReference; lastKnownFileType = folder.assetcatalog; path = Images.xcassets; sourceTree = "<group>"; };
		205019E31CC72CBB006F74D1 /* Base */ = {isa = PBXFileReference; lastKnownFileType = file.xib; name = Base; path = Base.lproj/LaunchScreen.xib; sourceTree = "<group>"; };
		205019E91CC72CBB006F74D1 /* PawsTests.xctest */ = {isa = PBXFileReference; explicitFileType = wrapper.cfbundle; includeInIndex = 0; path = PawsTests.xctest; sourceTree = BUILT_PRODUCTS_DIR; };
		205019EE1CC72CBB006F74D1 /* Info.plist */ = {isa = PBXFileReference; lastKnownFileType = text.plist.xml; path = Info.plist; sourceTree = "<group>"; };
		205019EF1CC72CBB006F74D1 /* PawsTests.swift */ = {isa = PBXFileReference; lastKnownFileType = sourcecode.swift; path = PawsTests.swift; sourceTree = "<group>"; };
		53E8F498DD13914D717672CD /* libPods.a */ = {isa = PBXFileReference; explicitFileType = archive.ar; includeInIndex = 0; path = libPods.a; sourceTree = BUILT_PRODUCTS_DIR; };
		64D40D9CCEAB07AD02E3B3F4 /* Pods.debug.xcconfig */ = {isa = PBXFileReference; includeInIndex = 1; lastKnownFileType = text.xcconfig; name = Pods.debug.xcconfig; path = "Pods/Target Support Files/Pods/Pods.debug.xcconfig"; sourceTree = "<group>"; };
		E98CEC87F807178F064BFDDD /* Pods.release.xcconfig */ = {isa = PBXFileReference; includeInIndex = 1; lastKnownFileType = text.xcconfig; name = Pods.release.xcconfig; path = "Pods/Target Support Files/Pods/Pods.release.xcconfig"; sourceTree = "<group>"; };
/* End PBXFileReference section */

/* Begin PBXFrameworksBuildPhase section */
		205019D11CC72CBA006F74D1 /* Frameworks */ = {
			isa = PBXFrameworksBuildPhase;
			buildActionMask = 2147483647;
			files = (
				839CE4F2A4736E4BEC757890 /* libPods.a in Frameworks */,
			);
			runOnlyForDeploymentPostprocessing = 0;
		};
		205019E61CC72CBB006F74D1 /* Frameworks */ = {
			isa = PBXFrameworksBuildPhase;
			buildActionMask = 2147483647;
			files = (
			);
			runOnlyForDeploymentPostprocessing = 0;
		};
/* End PBXFrameworksBuildPhase section */

/* Begin PBXGroup section */
		205019CB1CC72CBA006F74D1 = {
			isa = PBXGroup;
			children = (
				205019D61CC72CBB006F74D1 /* Paws */,
				205019EC1CC72CBB006F74D1 /* PawsTests */,
				205019D51CC72CBB006F74D1 /* Products */,
				B8BD9D32D6521605DC058F30 /* Pods */,
				CDC3FD0DF93281EF67E5FC44 /* Frameworks */,
			);
			sourceTree = "<group>";
		};
		205019D51CC72CBB006F74D1 /* Products */ = {
			isa = PBXGroup;
			children = (
				205019D41CC72CBB006F74D1 /* Paws.app */,
				205019E91CC72CBB006F74D1 /* PawsTests.xctest */,
			);
			name = Products;
			sourceTree = "<group>";
		};
		205019D61CC72CBB006F74D1 /* Paws */ = {
			isa = PBXGroup;
			children = (
				205019D91CC72CBB006F74D1 /* AppDelegate.swift */,
				205019DB1CC72CBB006F74D1 /* ViewController.swift */,
				205019DD1CC72CBB006F74D1 /* Main.storyboard */,
				205019E01CC72CBB006F74D1 /* Images.xcassets */,
				205019E21CC72CBB006F74D1 /* LaunchScreen.xib */,
				205019D71CC72CBB006F74D1 /* Supporting Files */,
			);
			path = Paws;
			sourceTree = "<group>";
		};
		205019D71CC72CBB006F74D1 /* Supporting Files */ = {
			isa = PBXGroup;
			children = (
				205019D81CC72CBB006F74D1 /* Info.plist */,
			);
			name = "Supporting Files";
			sourceTree = "<group>";
		};
		205019EC1CC72CBB006F74D1 /* PawsTests */ = {
			isa = PBXGroup;
			children = (
				205019EF1CC72CBB006F74D1 /* PawsTests.swift */,
				205019ED1CC72CBB006F74D1 /* Supporting Files */,
			);
			path = PawsTests;
			sourceTree = "<group>";
		};
		205019ED1CC72CBB006F74D1 /* Supporting Files */ = {
			isa = PBXGroup;
			children = (
				205019EE1CC72CBB006F74D1 /* Info.plist */,
			);
			name = "Supporting Files";
			sourceTree = "<group>";
		};
		B8BD9D32D6521605DC058F30 /* Pods */ = {
			isa = PBXGroup;
			children = (
				64D40D9CCEAB07AD02E3B3F4 /* Pods.debug.xcconfig */,
				E98CEC87F807178F064BFDDD /* Pods.release.xcconfig */,
			);
			name = Pods;
			sourceTree = "<group>";
		};
		CDC3FD0DF93281EF67E5FC44 /* Frameworks */ = {
			isa = PBXGroup;
			children = (
				53E8F498DD13914D717672CD /* libPods.a */,
			);
			name = Frameworks;
			sourceTree = "<group>";
		};
/* End PBXGroup section */

/* Begin PBXNativeTarget section */
		205019D31CC72CBA006F74D1 /* Paws */ = {
			isa = PBXNativeTarget;
			buildConfigurationList = 205019F31CC72CBB006F74D1 /* Build configuration list for PBXNativeTarget "Paws" */;
			buildPhases = (
				7F81851D5216FF72FA7A2A49 /* Check Pods Manifest.lock */,
				205019D01CC72CBA006F74D1 /* Sources */,
				205019D11CC72CBA006F74D1 /* Frameworks */,
				205019D21CC72CBA006F74D1 /* Resources */,
				2044CC2A708CF36487F0E930 /* Embed Pods Frameworks */,
				79801710F888832F33DD5CCE /* Copy Pods Resources */,
			);
			buildRules = (
			);
			dependencies = (
			);
			name = Paws;
			productName = Paws;
			productReference = 205019D41CC72CBB006F74D1 /* Paws.app */;
			productType = "com.apple.product-type.application";
		};
		205019E81CC72CBB006F74D1 /* PawsTests */ = {
			isa = PBXNativeTarget;
			buildConfigurationList = 205019F61CC72CBB006F74D1 /* Build configuration list for PBXNativeTarget "PawsTests" */;
			buildPhases = (
				205019E51CC72CBB006F74D1 /* Sources */,
				205019E61CC72CBB006F74D1 /* Frameworks */,
				205019E71CC72CBB006F74D1 /* Resources */,
			);
			buildRules = (
			);
			dependencies = (
				205019EB1CC72CBB006F74D1 /* PBXTargetDependency */,
			);
			name = PawsTests;
			productName = PawsTests;
			productReference = 205019E91CC72CBB006F74D1 /* PawsTests.xctest */;
			productType = "com.apple.product-type.bundle.unit-test";
		};
/* End PBXNativeTarget section */

/* Begin PBXProject section */
		205019CC1CC72CBA006F74D1 /* Project object */ = {
			isa = PBXProject;
			attributes = {
				LastUpgradeCheck = 0610;
				ORGANIZATIONNAME = HuyLe;
				TargetAttributes = {
					205019D31CC72CBA006F74D1 = {
						CreatedOnToolsVersion = 6.1.1;
					};
					205019E81CC72CBB006F74D1 = {
						CreatedOnToolsVersion = 6.1.1;
						TestTargetID = 205019D31CC72CBA006F74D1;
					};
				};
			};
			buildConfigurationList = 205019CF1CC72CBA006F74D1 /* Build configuration list for PBXProject "Paws" */;
			compatibilityVersion = "Xcode 3.2";
			developmentRegion = English;
			hasScannedForEncodings = 0;
			knownRegions = (
				en,
				Base,
			);
			mainGroup = 205019CB1CC72CBA006F74D1;
			productRefGroup = 205019D51CC72CBB006F74D1 /* Products */;
			projectDirPath = "";
			projectRoot = "";
			targets = (
				205019D31CC72CBA006F74D1 /* Paws */,
				205019E81CC72CBB006F74D1 /* PawsTests */,
			);
		};
/* End PBXProject section */

/* Begin PBXResourcesBuildPhase section */
		205019D21CC72CBA006F74D1 /* Resources */ = {
			isa = PBXResourcesBuildPhase;
			buildActionMask = 2147483647;
			files = (
				205019DF1CC72CBB006F74D1 /* Main.storyboard in Resources */,
				205019E41CC72CBB006F74D1 /* LaunchScreen.xib in Resources */,
				205019E11CC72CBB006F74D1 /* Images.xcassets in Resources */,
			);
			runOnlyForDeploymentPostprocessing = 0;
		};
		205019E71CC72CBB006F74D1 /* Resources */ = {
			isa = PBXResourcesBuildPhase;
			buildActionMask = 2147483647;
			files = (
			);
			runOnlyForDeploymentPostprocessing = 0;
		};
/* End PBXResourcesBuildPhase section */

/* Begin PBXShellScriptBuildPhase section */
		2044CC2A708CF36487F0E930 /* Embed Pods Frameworks */ = {
			isa = PBXShellScriptBuildPhase;
			buildActionMask = 2147483647;
			files = (
			);
			inputPaths = (
			);
			name = "Embed Pods Frameworks";
			outputPaths = (
			);
			runOnlyForDeploymentPostprocessing = 0;
			shellPath = /bin/sh;
			shellScript = "\"${SRCROOT}/Pods/Target Support Files/Pods/Pods-frameworks.sh\"\n";
			showEnvVarsInLog = 0;
		};
		79801710F888832F33DD5CCE /* Copy Pods Resources */ = {
			isa = PBXShellScriptBuildPhase;
			buildActionMask = 2147483647;
			files = (
			);
			inputPaths = (
			);
			name = "Copy Pods Resources";
			outputPaths = (
			);
			runOnlyForDeploymentPostprocessing = 0;
			shellPath = /bin/sh;
			shellScript = "\"${SRCROOT}/Pods/Target Support Files/Pods/Pods-resources.sh\"\n";
			showEnvVarsInLog = 0;
		};
		7F81851D5216FF72FA7A2A49 /* Check Pods Manifest.lock */ = {
			isa = PBXShellScriptBuildPhase;
			buildActionMask = 2147483647;
			files = (
			);
			inputPaths = (
			);
			name = "Check Pods Manifest.lock";
			outputPaths = (
			);
			runOnlyForDeploymentPostprocessing = 0;
			shellPath = /bin/sh;
			shellScript = "diff \"${PODS_ROOT}/../Podfile.lock\" \"${PODS_ROOT}/Manifest.lock\" > /dev/null\nif [[ $? != 0 ]] ; then\n    cat << EOM\nerror: The sandbox is not in sync with the Podfile.lock. Run 'pod install' or update your CocoaPods installation.\nEOM\n    exit 1\nfi\n";
			showEnvVarsInLog = 0;
		};
/* End PBXShellScriptBuildPhase section */

/* Begin PBXSourcesBuildPhase section */
		205019D01CC72CBA006F74D1 /* Sources */ = {
			isa = PBXSourcesBuildPhase;
			buildActionMask = 2147483647;
			files = (
				205019DC1CC72CBB006F74D1 /* ViewController.swift in Sources */,
				205019DA1CC72CBB006F74D1 /* AppDelegate.swift in Sources */,
			);
			runOnlyForDeploymentPostprocessing = 0;
		};
		205019E51CC72CBB006F74D1 /* Sources */ = {
			isa = PBXSourcesBuildPhase;
			buildActionMask = 2147483647;
			files = (
				205019F01CC72CBB006F74D1 /* PawsTests.swift in Sources */,
			);
			runOnlyForDeploymentPostprocessing = 0;
		};
/* End PBXSourcesBuildPhase section */

/* Begin PBXTargetDependency section */
		205019EB1CC72CBB006F74D1 /* PBXTargetDependency */ = {
			isa = PBXTargetDependency;
			target = 205019D31CC72CBA006F74D1 /* Paws */;
			targetProxy = 205019EA1CC72CBB006F74D1 /* PBXContainerItemProxy */;
		};
/* End PBXTargetDependency section */

/* Begin PBXVariantGroup section */
		205019DD1CC72CBB006F74D1 /* Main.storyboard */ = {
			isa = PBXVariantGroup;
			children = (
				205019DE1CC72CBB006F74D1 /* Base */,
			);
			name = Main.storyboard;
			sourceTree = "<group>";
		};
		205019E21CC72CBB006F74D1 /* LaunchScreen.xib */ = {
			isa = PBXVariantGroup;
			children = (
				205019E31CC72CBB006F74D1 /* Base */,
			);
			name = LaunchScreen.xib;
			sourceTree = "<group>";
		};
/* End PBXVariantGroup section */

/* Begin XCBuildConfiguration section */
		205019F11CC72CBB006F74D1 /* Debug */ = {
			isa = XCBuildConfiguration;
			buildSettings = {
				ALWAYS_SEARCH_USER_PATHS = NO;
				CLANG_CXX_LANGUAGE_STANDARD = "gnu++0x";
				CLANG_CXX_LIBRARY = "libc++";
				CLANG_ENABLE_MODULES = YES;
				CLANG_ENABLE_OBJC_ARC = YES;
				CLANG_WARN_BOOL_CONVERSION = YES;
				CLANG_WARN_CONSTANT_CONVERSION = YES;
				CLANG_WARN_DIRECT_OBJC_ISA_USAGE = YES_ERROR;
				CLANG_WARN_EMPTY_BODY = YES;
				CLANG_WARN_ENUM_CONVERSION = YES;
				CLANG_WARN_INT_CONVERSION = YES;
				CLANG_WARN_OBJC_ROOT_CLASS = YES_ERROR;
				CLANG_WARN_UNREACHABLE_CODE = YES;
				CLANG_WARN__DUPLICATE_METHOD_MATCH = YES;
				"CODE_SIGN_IDENTITY[sdk=iphoneos*]" = "iPhone Developer";
				COPY_PHASE_STRIP = NO;
				ENABLE_STRICT_OBJC_MSGSEND = YES;
				GCC_C_LANGUAGE_STANDARD = gnu99;
				GCC_DYNAMIC_NO_PIC = NO;
				GCC_OPTIMIZATION_LEVEL = 0;
				GCC_PREPROCESSOR_DEFINITIONS = (
					"DEBUG=1",
					"$(inherited)",
				);
				GCC_SYMBOLS_PRIVATE_EXTERN = NO;
				GCC_WARN_64_TO_32_BIT_CONVERSION = YES;
				GCC_WARN_ABOUT_RETURN_TYPE = YES_ERROR;
				GCC_WARN_UNDECLARED_SELECTOR = YES;
				GCC_WARN_UNINITIALIZED_AUTOS = YES_AGGRESSIVE;
				GCC_WARN_UNUSED_FUNCTION = YES;
				GCC_WARN_UNUSED_VARIABLE = YES;
				IPHONEOS_DEPLOYMENT_TARGET = 8.1;
				MTL_ENABLE_DEBUG_INFO = YES;
				ONLY_ACTIVE_ARCH = YES;
				SDKROOT = iphoneos;
				SWIFT_OPTIMIZATION_LEVEL = "-Onone";
				TARGETED_DEVICE_FAMILY = "1,2";
			};
			name = Debug;
		};
		205019F21CC72CBB006F74D1 /* Release */ = {
			isa = XCBuildConfiguration;
			buildSettings = {
				ALWAYS_SEARCH_USER_PATHS = NO;
				CLANG_CXX_LANGUAGE_STANDARD = "gnu++0x";
				CLANG_CXX_LIBRARY = "libc++";
				CLANG_ENABLE_MODULES = YES;
				CLANG_ENABLE_OBJC_ARC = YES;
				CLANG_WARN_BOOL_CONVERSION = YES;
				CLANG_WARN_CONSTANT_CONVERSION = YES;
				CLANG_WARN_DIRECT_OBJC_ISA_USAGE = YES_ERROR;
				CLANG_WARN_EMPTY_BODY = YES;
				CLANG_WARN_ENUM_CONVERSION = YES;
				CLANG_WARN_INT_CONVERSION = YES;
				CLANG_WARN_OBJC_ROOT_CLASS = YES_ERROR;
				CLANG_WARN_UNREACHABLE_CODE = YES;
				CLANG_WARN__DUPLICATE_METHOD_MATCH = YES;
				"CODE_SIGN_IDENTITY[sdk=iphoneos*]" = "iPhone Developer";
				COPY_PHASE_STRIP = YES;
				ENABLE_NS_ASSERTIONS = NO;
				ENABLE_STRICT_OBJC_MSGSEND = YES;
				GCC_C_LANGUAGE_STANDARD = gnu99;
				GCC_WARN_64_TO_32_BIT_CONVERSION = YES;
				GCC_WARN_ABOUT_RETURN_TYPE = YES_ERROR;
				GCC_WARN_UNDECLARED_SELECTOR = YES;
				GCC_WARN_UNINITIALIZED_AUTOS = YES_AGGRESSIVE;
				GCC_WARN_UNUSED_FUNCTION = YES;
				GCC_WARN_UNUSED_VARIABLE = YES;
				IPHONEOS_DEPLOYMENT_TARGET = 8.1;
				MTL_ENABLE_DEBUG_INFO = NO;
				SDKROOT = iphoneos;
				TARGETED_DEVICE_FAMILY = "1,2";
				VALIDATE_PRODUCT = YES;
			};
			name = Release;
		};
		205019F41CC72CBB006F74D1 /* Debug */ = {
			isa = XCBuildConfiguration;
			baseConfigurationReference = 64D40D9CCEAB07AD02E3B3F4 /* Pods.debug.xcconfig */;
			buildSettings = {
				ASSETCATALOG_COMPILER_APPICON_NAME = AppIcon;
				INFOPLIST_FILE = Paws/Info.plist;
				LD_RUNPATH_SEARCH_PATHS = "$(inherited) @executable_path/Frameworks";
				PRODUCT_NAME = "$(TARGET_NAME)";
			};
			name = Debug;
		};
		205019F51CC72CBB006F74D1 /* Release */ = {
			isa = XCBuildConfiguration;
			baseConfigurationReference = E98CEC87F807178F064BFDDD /* Pods.release.xcconfig */;
			buildSettings = {
				ASSETCATALOG_COMPILER_APPICON_NAME = AppIcon;
				INFOPLIST_FILE = Paws/Info.plist;
				LD_RUNPATH_SEARCH_PATHS = "$(inherited) @executable_path/Frameworks";
				PRODUCT_NAME = "$(TARGET_NAME)";
			};
			name = Release;
		};
		205019F71CC72CBB006F74D1 /* Debug */ = {
			isa = XCBuildConfiguration;
			buildSettings = {
				BUNDLE_LOADER = "$(TEST_HOST)";
				FRAMEWORK_SEARCH_PATHS = (
					"$(SDKROOT)/Developer/Library/Frameworks",
					"$(inherited)",
				);
				GCC_PREPROCESSOR_DEFINITIONS = (
					"DEBUG=1",
					"$(inherited)",
				);
				INFOPLIST_FILE = PawsTests/Info.plist;
				LD_RUNPATH_SEARCH_PATHS = "$(inherited) @executable_path/Frameworks @loader_path/Frameworks";
				PRODUCT_NAME = "$(TARGET_NAME)";
				TEST_HOST = "$(BUILT_PRODUCTS_DIR)/Paws.app/Paws";
			};
			name = Debug;
		};
		205019F81CC72CBB006F74D1 /* Release */ = {
			isa = XCBuildConfiguration;
			buildSettings = {
				BUNDLE_LOADER = "$(TEST_HOST)";
				FRAMEWORK_SEARCH_PATHS = (
					"$(SDKROOT)/Developer/Library/Frameworks",
					"$(inherited)",
				);
				INFOPLIST_FILE = PawsTests/Info.plist;
				LD_RUNPATH_SEARCH_PATHS = "$(inherited) @executable_path/Frameworks @loader_path/Frameworks";
				PRODUCT_NAME = "$(TARGET_NAME)";
				TEST_HOST = "$(BUILT_PRODUCTS_DIR)/Paws.app/Paws";
			};
			name = Release;
		};
/* End XCBuildConfiguration section */

/* Begin XCConfigurationList section */
		205019CF1CC72CBA006F74D1 /* Build configuration list for PBXProject "Paws" */ = {
			isa = XCConfigurationList;
			buildConfigurations = (
				205019F11CC72CBB006F74D1 /* Debug */,
				205019F21CC72CBB006F74D1 /* Release */,
			);
			defaultConfigurationIsVisible = 0;
			defaultConfigurationName = Release;
		};
		205019F31CC72CBB006F74D1 /* Build configuration list for PBXNativeTarget "Paws" */ = {
			isa = XCConfigurationList;
			buildConfigurations = (
				205019F41CC72CBB006F74D1 /* Debug */,
				205019F51CC72CBB006F74D1 /* Release */,
			);
			defaultConfigurationIsVisible = 0;
			defaultConfigurationName = Release;
		};
		205019F61CC72CBB006F74D1 /* Build configuration list for PBXNativeTarget "PawsTests" */ = {
			isa = XCConfigurationList;
			buildConfigurations = (
				205019F71CC72CBB006F74D1 /* Debug */,
				205019F81CC72CBB006F74D1 /* Release */,
			);
			defaultConfigurationIsVisible = 0;
			defaultConfigurationName = Release;
		};
/* End XCConfigurationList section */
	};
	rootObject = 205019CC1CC72CBA006F74D1 /* Project object */;
}
